
Microsoft Visual Studio Solution File, Format Version 12.00
# Visual Studio 15
VisualStudioVersion = 15.0.28307.1433
MinimumVisualStudioVersion = 10.0.40219.1
Project("{9A19103F-16F7-4668-BE54-9A1E7A4F7556}") = "NancyAPI", "NancyAPI\NancyAPI.csproj", "{1295B4D1-D9CA-4C75-B5F2-6BA1B8B1636D}"
EndProject
Project("{9A19103F-16F7-4668-BE54-9A1E7A4F7556}") = "Tests", "Tests\Tests.csproj", "{12ADE581-1A18-4A8F-932A-EC741878A69B}"
EndProject
Project("{FAE04EC0-301F-11D3-BF4B-00C04F79EFBC}") = "NancyAPI.Core", "NancyAPI.Core\NancyAPI.Core.csproj", "{24AB9E0F-AAC7-4B8A-80BA-09E1E7180049}"
EndProject
Global
	GlobalSection(SolutionConfigurationPlatforms) = preSolution
		Debug|Any CPU = Debug|Any CPU
		Release|Any CPU = Release|Any CPU
	EndGlobalSection
	GlobalSection(ProjectConfigurationPlatforms) = postSolution
		{1295B4D1-D9CA-4C75-B5F2-6BA1B8B1636D}.Debug|Any CPU.ActiveCfg = Debug|Any CPU
		{1295B4D1-D9CA-4C75-B5F2-6BA1B8B1636D}.Debug|Any CPU.Build.0 = Debug|Any CPU
		{1295B4D1-D9CA-4C75-B5F2-6BA1B8B1636D}.Release|Any CPU.ActiveCfg = Release|Any CPU
		{1295B4D1-D9CA-4C75-B5F2-6BA1B8B1636D}.Release|Any CPU.Build.0 = Release|Any CPU
		{12ADE581-1A18-4A8F-932A-EC741878A69B}.Debug|Any CPU.ActiveCfg = Debug|Any CPU
		{12ADE581-1A18-4A8F-932A-EC741878A69B}.Debug|Any CPU.Build.0 = Debug|Any CPU
		{12ADE581-1A18-4A8F-932A-EC741878A69B}.Release|Any CPU.ActiveCfg = Release|Any CPU
		{12ADE581-1A18-4A8F-932A-EC741878A69B}.Release|Any CPU.Build.0 = Release|Any CPU
		{24AB9E0F-AAC7-4B8A-80BA-09E1E7180049}.Debug|Any CPU.ActiveCfg = Debug|Any CPU
		{24AB9E0F-AAC7-4B8A-80BA-09E1E7180049}.Debug|Any CPU.Build.0 = Debug|Any CPU
		{24AB9E0F-AAC7-4B8A-80BA-09E1E7180049}.Release|Any CPU.ActiveCfg = Release|Any CPU
		{24AB9E0F-AAC7-4B8A-80BA-09E1E7180049}.Release|Any CPU.Build.0 = Release|Any CPU
	EndGlobalSection
	GlobalSection(SolutionProperties) = preSolution
		HideSolutionNode = FALSE
	EndGlobalSection
	GlobalSection(ExtensibilityGlobals) = postSolution
		SolutionGuid = {50C08CFF-56D3-4D5A-82E9-811D827E7D59}
	EndGlobalSection
EndGlobal
